// !$*UTF8*$!
{
	archiveVersion = 1;
	classes = {
	};
	objectVersion = 55;
	objects = {

/* Begin PBXBuildFile section */
		6525524228505CA00087FB0D /* MovieImageCarousel.swift in Sources */ = {isa = PBXBuildFile; fileRef = 6525524128505CA00087FB0D /* MovieImageCarousel.swift */; };
		652552442851C5A40087FB0D /* CarouselCircles.swift in Sources */ = {isa = PBXBuildFile; fileRef = 652552432851C5A40087FB0D /* CarouselCircles.swift */; };
		6539C2B7284D283400C59A32 /* MovieRow.swift in Sources */ = {isa = PBXBuildFile; fileRef = 6539C2B6284D283400C59A32 /* MovieRow.swift */; };
		6539C2B9284D2CA200C59A32 /* MovieDetails.swift in Sources */ = {isa = PBXBuildFile; fileRef = 6539C2B8284D2CA200C59A32 /* MovieDetails.swift */; };
		6539C2BC284D8FC600C59A32 /* Kingfisher in Frameworks */ = {isa = PBXBuildFile; productRef = 6539C2BB284D8FC600C59A32 /* Kingfisher */; };
		6539C2BE284DB53300C59A32 /* PosterView.swift in Sources */ = {isa = PBXBuildFile; fileRef = 6539C2BD284DB53300C59A32 /* PosterView.swift */; };
		6539C2C0284E073F00C59A32 /* Kingfisher+AnyModifier.swift in Sources */ = {isa = PBXBuildFile; fileRef = 6539C2BF284E073F00C59A32 /* Kingfisher+AnyModifier.swift */; };
		6539C2C2284E1DDC00C59A32 /* RatingView.swift in Sources */ = {isa = PBXBuildFile; fileRef = 6539C2C1284E1DDC00C59A32 /* RatingView.swift */; };
		657CD3C5285D2B45004DA53D /* NowPlayingMoviesTestData.json in Resources */ = {isa = PBXBuildFile; fileRef = 657CD3C4285D2B45004DA53D /* NowPlayingMoviesTestData.json */; };
		659348F82848B87E00EBCFEC /* FlixApp.swift in Sources */ = {isa = PBXBuildFile; fileRef = 659348F72848B87E00EBCFEC /* FlixApp.swift */; };
		659348FA2848B87E00EBCFEC /* ContentView.swift in Sources */ = {isa = PBXBuildFile; fileRef = 659348F92848B87E00EBCFEC /* ContentView.swift */; };
		659348FC2848B87F00EBCFEC /* Assets.xcassets in Resources */ = {isa = PBXBuildFile; fileRef = 659348FB2848B87F00EBCFEC /* Assets.xcassets */; };
		659348FF2848B87F00EBCFEC /* Preview Assets.xcassets in Resources */ = {isa = PBXBuildFile; fileRef = 659348FE2848B87F00EBCFEC /* Preview Assets.xcassets */; };
		659349092848B87F00EBCFEC /* FlixTests.swift in Sources */ = {isa = PBXBuildFile; fileRef = 659349082848B87F00EBCFEC /* FlixTests.swift */; };
		659349132848B87F00EBCFEC /* FlixUITests.swift in Sources */ = {isa = PBXBuildFile; fileRef = 659349122848B87F00EBCFEC /* FlixUITests.swift */; };
		659349152848B87F00EBCFEC /* FlixUITestsLaunchTests.swift in Sources */ = {isa = PBXBuildFile; fileRef = 659349142848B87F00EBCFEC /* FlixUITestsLaunchTests.swift */; };
		659349232848BCA300EBCFEC /* Movie.swift in Sources */ = {isa = PBXBuildFile; fileRef = 659349222848BCA300EBCFEC /* Movie.swift */; };
		659349252848C02100EBCFEC /* MovieData.swift in Sources */ = {isa = PBXBuildFile; fileRef = 659349242848C02100EBCFEC /* MovieData.swift */; };
/* End PBXBuildFile section */

/* Begin PBXContainerItemProxy section */
		659349052848B87F00EBCFEC /* PBXContainerItemProxy */ = {
			isa = PBXContainerItemProxy;
			containerPortal = 659348EC2848B87E00EBCFEC /* Project object */;
			proxyType = 1;
			remoteGlobalIDString = 659348F32848B87E00EBCFEC;
			remoteInfo = Flix;
		};
		6593490F2848B87F00EBCFEC /* PBXContainerItemProxy */ = {
			isa = PBXContainerItemProxy;
			containerPortal = 659348EC2848B87E00EBCFEC /* Project object */;
			proxyType = 1;
			remoteGlobalIDString = 659348F32848B87E00EBCFEC;
			remoteInfo = Flix;
		};
/* End PBXContainerItemProxy section */

/* Begin PBXFileReference section */
		6525524128505CA00087FB0D /* MovieImageCarousel.swift */ = {isa = PBXFileReference; lastKnownFileType = sourcecode.swift; path = MovieImageCarousel.swift; sourceTree = "<group>"; };
		652552432851C5A40087FB0D /* CarouselCircles.swift */ = {isa = PBXFileReference; lastKnownFileType = sourcecode.swift; path = CarouselCircles.swift; sourceTree = "<group>"; };
		6539C2B6284D283400C59A32 /* MovieRow.swift */ = {isa = PBXFileReference; lastKnownFileType = sourcecode.swift; path = MovieRow.swift; sourceTree = "<group>"; };
		6539C2B8284D2CA200C59A32 /* MovieDetails.swift */ = {isa = PBXFileReference; lastKnownFileType = sourcecode.swift; path = MovieDetails.swift; sourceTree = "<group>"; };
		6539C2BD284DB53300C59A32 /* PosterView.swift */ = {isa = PBXFileReference; lastKnownFileType = sourcecode.swift; path = PosterView.swift; sourceTree = "<group>"; };
		6539C2BF284E073F00C59A32 /* Kingfisher+AnyModifier.swift */ = {isa = PBXFileReference; lastKnownFileType = sourcecode.swift; path = "Kingfisher+AnyModifier.swift"; sourceTree = "<group>"; };
		6539C2C1284E1DDC00C59A32 /* RatingView.swift */ = {isa = PBXFileReference; lastKnownFileType = sourcecode.swift; path = RatingView.swift; sourceTree = "<group>"; };
		657CD3C4285D2B45004DA53D /* NowPlayingMoviesTestData.json */ = {isa = PBXFileReference; fileEncoding = 4; lastKnownFileType = text.json; path = NowPlayingMoviesTestData.json; sourceTree = "<group>"; };
		659348F42848B87E00EBCFEC /* Flix.app */ = {isa = PBXFileReference; explicitFileType = wrapper.application; includeInIndex = 0; path = Flix.app; sourceTree = BUILT_PRODUCTS_DIR; };
		659348F72848B87E00EBCFEC /* FlixApp.swift */ = {isa = PBXFileReference; lastKnownFileType = sourcecode.swift; path = FlixApp.swift; sourceTree = "<group>"; };
		659348F92848B87E00EBCFEC /* ContentView.swift */ = {isa = PBXFileReference; lastKnownFileType = sourcecode.swift; path = ContentView.swift; sourceTree = "<group>"; };
		659348FB2848B87F00EBCFEC /* Assets.xcassets */ = {isa = PBXFileReference; lastKnownFileType = folder.assetcatalog; path = Assets.xcassets; sourceTree = "<group>"; };
		659348FE2848B87F00EBCFEC /* Preview Assets.xcassets */ = {isa = PBXFileReference; lastKnownFileType = folder.assetcatalog; path = "Preview Assets.xcassets"; sourceTree = "<group>"; };
		659349042848B87F00EBCFEC /* FlixTests.xctest */ = {isa = PBXFileReference; explicitFileType = wrapper.cfbundle; includeInIndex = 0; path = FlixTests.xctest; sourceTree = BUILT_PRODUCTS_DIR; };
		659349082848B87F00EBCFEC /* FlixTests.swift */ = {isa = PBXFileReference; lastKnownFileType = sourcecode.swift; path = FlixTests.swift; sourceTree = "<group>"; };
		6593490E2848B87F00EBCFEC /* FlixUITests.xctest */ = {isa = PBXFileReference; explicitFileType = wrapper.cfbundle; includeInIndex = 0; path = FlixUITests.xctest; sourceTree = BUILT_PRODUCTS_DIR; };
		659349122848B87F00EBCFEC /* FlixUITests.swift */ = {isa = PBXFileReference; lastKnownFileType = sourcecode.swift; path = FlixUITests.swift; sourceTree = "<group>"; };
		659349142848B87F00EBCFEC /* FlixUITestsLaunchTests.swift */ = {isa = PBXFileReference; lastKnownFileType = sourcecode.swift; path = FlixUITestsLaunchTests.swift; sourceTree = "<group>"; };
		659349222848BCA300EBCFEC /* Movie.swift */ = {isa = PBXFileReference; lastKnownFileType = sourcecode.swift; path = Movie.swift; sourceTree = "<group>"; };
		659349242848C02100EBCFEC /* MovieData.swift */ = {isa = PBXFileReference; lastKnownFileType = sourcecode.swift; path = MovieData.swift; sourceTree = "<group>"; };
/* End PBXFileReference section */

/* Begin PBXFrameworksBuildPhase section */
		659348F12848B87E00EBCFEC /* Frameworks */ = {
			isa = PBXFrameworksBuildPhase;
			buildActionMask = 2147483647;
			files = (
				6539C2BC284D8FC600C59A32 /* Kingfisher in Frameworks */,
			);
			runOnlyForDeploymentPostprocessing = 0;
		};
		659349012848B87F00EBCFEC /* Frameworks */ = {
			isa = PBXFrameworksBuildPhase;
			buildActionMask = 2147483647;
			files = (
			);
			runOnlyForDeploymentPostprocessing = 0;
		};
		6593490B2848B87F00EBCFEC /* Frameworks */ = {
			isa = PBXFrameworksBuildPhase;
			buildActionMask = 2147483647;
			files = (
			);
			runOnlyForDeploymentPostprocessing = 0;
		};
/* End PBXFrameworksBuildPhase section */

/* Begin PBXGroup section */
		657CD3C1285CCC68004DA53D /* Movie Details */ = {
			isa = PBXGroup;
			children = (
				6539C2B8284D2CA200C59A32 /* MovieDetails.swift */,
				6525524128505CA00087FB0D /* MovieImageCarousel.swift */,
				6539C2C1284E1DDC00C59A32 /* RatingView.swift */,
				652552432851C5A40087FB0D /* CarouselCircles.swift */,
			);
			path = "Movie Details";
			sourceTree = "<group>";
		};
		657CD3C2285CCC8C004DA53D /* Now Playing */ = {
			isa = PBXGroup;
			children = (
				6539C2BD284DB53300C59A32 /* PosterView.swift */,
				6539C2B6284D283400C59A32 /* MovieRow.swift */,
			);
			path = "Now Playing";
			sourceTree = "<group>";
		};
		657CD3C3285D29C3004DA53D /* Models */ = {
			isa = PBXGroup;
			children = (
				659349222848BCA300EBCFEC /* Movie.swift */,
				659349242848C02100EBCFEC /* MovieData.swift */,
				6539C2BF284E073F00C59A32 /* Kingfisher+AnyModifier.swift */,
			);
			path = Models;
			sourceTree = "<group>";
		};
		659348EB2848B87E00EBCFEC = {
			isa = PBXGroup;
			children = (
				659348F62848B87E00EBCFEC /* Flix */,
				659349072848B87F00EBCFEC /* FlixTests */,
				659349112848B87F00EBCFEC /* FlixUITests */,
				659348F52848B87E00EBCFEC /* Products */,
			);
			sourceTree = "<group>";
		};
		659348F52848B87E00EBCFEC /* Products */ = {
			isa = PBXGroup;
			children = (
				659348F42848B87E00EBCFEC /* Flix.app */,
				659349042848B87F00EBCFEC /* FlixTests.xctest */,
				6593490E2848B87F00EBCFEC /* FlixUITests.xctest */,
			);
			name = Products;
			sourceTree = "<group>";
		};
		659348F62848B87E00EBCFEC /* Flix */ = {
			isa = PBXGroup;
			children = (
				657CD3C4285D2B45004DA53D /* NowPlayingMoviesTestData.json */,
				657CD3C3285D29C3004DA53D /* Models */,
				657CD3C2285CCC8C004DA53D /* Now Playing */,
				657CD3C1285CCC68004DA53D /* Movie Details */,
				659348F72848B87E00EBCFEC /* FlixApp.swift */,
				659348F92848B87E00EBCFEC /* ContentView.swift */,
				659348FB2848B87F00EBCFEC /* Assets.xcassets */,
				659348FD2848B87F00EBCFEC /* Preview Content */,
			);
			path = Flix;
			sourceTree = "<group>";
		};
		659348FD2848B87F00EBCFEC /* Preview Content */ = {
			isa = PBXGroup;
			children = (
				659348FE2848B87F00EBCFEC /* Preview Assets.xcassets */,
			);
			path = "Preview Content";
			sourceTree = "<group>";
		};
		659349072848B87F00EBCFEC /* FlixTests */ = {
			isa = PBXGroup;
			children = (
				659349082848B87F00EBCFEC /* FlixTests.swift */,
			);
			path = FlixTests;
			sourceTree = "<group>";
		};
		659349112848B87F00EBCFEC /* FlixUITests */ = {
			isa = PBXGroup;
			children = (
				659349122848B87F00EBCFEC /* FlixUITests.swift */,
				659349142848B87F00EBCFEC /* FlixUITestsLaunchTests.swift */,
			);
			path = FlixUITests;
			sourceTree = "<group>";
		};
/* End PBXGroup section */

/* Begin PBXNativeTarget section */
		659348F32848B87E00EBCFEC /* Flix */ = {
			isa = PBXNativeTarget;
			buildConfigurationList = 659349182848B87F00EBCFEC /* Build configuration list for PBXNativeTarget "Flix" */;
			buildPhases = (
				659348F02848B87E00EBCFEC /* Sources */,
				659348F12848B87E00EBCFEC /* Frameworks */,
				659348F22848B87E00EBCFEC /* Resources */,
				659349212848B88B00EBCFEC /* ShellScript */,
			);
			buildRules = (
			);
			dependencies = (
			);
			name = Flix;
			packageProductDependencies = (
				6539C2BB284D8FC600C59A32 /* Kingfisher */,
			);
			productName = Flix;
			productReference = 659348F42848B87E00EBCFEC /* Flix.app */;
			productType = "com.apple.product-type.application";
		};
		659349032848B87F00EBCFEC /* FlixTests */ = {
			isa = PBXNativeTarget;
			buildConfigurationList = 6593491B2848B87F00EBCFEC /* Build configuration list for PBXNativeTarget "FlixTests" */;
			buildPhases = (
				659349002848B87F00EBCFEC /* Sources */,
				659349012848B87F00EBCFEC /* Frameworks */,
				659349022848B87F00EBCFEC /* Resources */,
			);
			buildRules = (
			);
			dependencies = (
				659349062848B87F00EBCFEC /* PBXTargetDependency */,
			);
			name = FlixTests;
			productName = FlixTests;
			productReference = 659349042848B87F00EBCFEC /* FlixTests.xctest */;
			productType = "com.apple.product-type.bundle.unit-test";
		};
		6593490D2848B87F00EBCFEC /* FlixUITests */ = {
			isa = PBXNativeTarget;
			buildConfigurationList = 6593491E2848B87F00EBCFEC /* Build configuration list for PBXNativeTarget "FlixUITests" */;
			buildPhases = (
				6593490A2848B87F00EBCFEC /* Sources */,
				6593490B2848B87F00EBCFEC /* Frameworks */,
				6593490C2848B87F00EBCFEC /* Resources */,
			);
			buildRules = (
			);
			dependencies = (
				659349102848B87F00EBCFEC /* PBXTargetDependency */,
			);
			name = FlixUITests;
			productName = FlixUITests;
			productReference = 6593490E2848B87F00EBCFEC /* FlixUITests.xctest */;
			productType = "com.apple.product-type.bundle.ui-testing";
		};
/* End PBXNativeTarget section */

/* Begin PBXProject section */
		659348EC2848B87E00EBCFEC /* Project object */ = {
			isa = PBXProject;
			attributes = {
				BuildIndependentTargetsInParallel = 1;
				LastSwiftUpdateCheck = 1340;
				LastUpgradeCheck = 1340;
				TargetAttributes = {
					659348F32848B87E00EBCFEC = {
						CreatedOnToolsVersion = 13.4;
					};
					659349032848B87F00EBCFEC = {
						CreatedOnToolsVersion = 13.4;
						TestTargetID = 659348F32848B87E00EBCFEC;
					};
					6593490D2848B87F00EBCFEC = {
						CreatedOnToolsVersion = 13.4;
						TestTargetID = 659348F32848B87E00EBCFEC;
					};
				};
			};
			buildConfigurationList = 659348EF2848B87E00EBCFEC /* Build configuration list for PBXProject "Flix" */;
			compatibilityVersion = "Xcode 13.0";
			developmentRegion = en;
			hasScannedForEncodings = 0;
			knownRegions = (
				en,
				Base,
			);
			mainGroup = 659348EB2848B87E00EBCFEC;
			packageReferences = (
				6539C2BA284D8FC600C59A32 /* XCRemoteSwiftPackageReference "Kingfisher" */,
			);
			productRefGroup = 659348F52848B87E00EBCFEC /* Products */;
			projectDirPath = "";
			projectRoot = "";
			targets = (
				659348F32848B87E00EBCFEC /* Flix */,
				659349032848B87F00EBCFEC /* FlixTests */,
				6593490D2848B87F00EBCFEC /* FlixUITests */,
			);
		};
/* End PBXProject section */

/* Begin PBXResourcesBuildPhase section */
		659348F22848B87E00EBCFEC /* Resources */ = {
			isa = PBXResourcesBuildPhase;
			buildActionMask = 2147483647;
			files = (
				659348FF2848B87F00EBCFEC /* Preview Assets.xcassets in Resources */,
				657CD3C5285D2B45004DA53D /* NowPlayingMoviesTestData.json in Resources */,
				659348FC2848B87F00EBCFEC /* Assets.xcassets in Resources */,
			);
			runOnlyForDeploymentPostprocessing = 0;
		};
		659349022848B87F00EBCFEC /* Resources */ = {
			isa = PBXResourcesBuildPhase;
			buildActionMask = 2147483647;
			files = (
			);
			runOnlyForDeploymentPostprocessing = 0;
		};
		6593490C2848B87F00EBCFEC /* Resources */ = {
			isa = PBXResourcesBuildPhase;
			buildActionMask = 2147483647;
			files = (
			);
			runOnlyForDeploymentPostprocessing = 0;
		};
/* End PBXResourcesBuildPhase section */

/* Begin PBXShellScriptBuildPhase section */
		659349212848B88B00EBCFEC /* ShellScript */ = {
			isa = PBXShellScriptBuildPhase;
			buildActionMask = 2147483647;
			files = (
			);
			inputFileListPaths = (
			);
			inputPaths = (
			);
			outputFileListPaths = (
			);
			outputPaths = (
			);
			runOnlyForDeploymentPostprocessing = 0;
			shellPath = /bin/sh;
			shellScript = "# Type a script or drag a script file from your workspace to insert its path.\nexport PATH=\"$PATH:/opt/homebrew/bin\"\nif which swiftlint > /dev/null; then\n  swiftlint\nelse\n  echo \"warning: SwiftLint not installed, download from https://github.com/realm/SwiftLint\"\nfi\n";
		};
/* End PBXShellScriptBuildPhase section */

/* Begin PBXSourcesBuildPhase section */
		659348F02848B87E00EBCFEC /* Sources */ = {
			isa = PBXSourcesBuildPhase;
			buildActionMask = 2147483647;
			files = (
				659349252848C02100EBCFEC /* MovieData.swift in Sources */,
				6539C2B7284D283400C59A32 /* MovieRow.swift in Sources */,
				659348FA2848B87E00EBCFEC /* ContentView.swift in Sources */,
				6539C2C2284E1DDC00C59A32 /* RatingView.swift in Sources */,
				6539C2C0284E073F00C59A32 /* Kingfisher+AnyModifier.swift in Sources */,
				652552442851C5A40087FB0D /* CarouselCircles.swift in Sources */,
				659348F82848B87E00EBCFEC /* FlixApp.swift in Sources */,
				659349232848BCA300EBCFEC /* Movie.swift in Sources */,
				6539C2BE284DB53300C59A32 /* PosterView.swift in Sources */,
				6525524228505CA00087FB0D /* MovieImageCarousel.swift in Sources */,
				6539C2B9284D2CA200C59A32 /* MovieDetails.swift in Sources */,
			);
			runOnlyForDeploymentPostprocessing = 0;
		};
		659349002848B87F00EBCFEC /* Sources */ = {
			isa = PBXSourcesBuildPhase;
			buildActionMask = 2147483647;
			files = (
				659349092848B87F00EBCFEC /* FlixTests.swift in Sources */,
			);
			runOnlyForDeploymentPostprocessing = 0;
		};
		6593490A2848B87F00EBCFEC /* Sources */ = {
			isa = PBXSourcesBuildPhase;
			buildActionMask = 2147483647;
			files = (
				659349132848B87F00EBCFEC /* FlixUITests.swift in Sources */,
				659349152848B87F00EBCFEC /* FlixUITestsLaunchTests.swift in Sources */,
			);
			runOnlyForDeploymentPostprocessing = 0;
		};
/* End PBXSourcesBuildPhase section */

/* Begin PBXTargetDependency section */
		659349062848B87F00EBCFEC /* PBXTargetDependency */ = {
			isa = PBXTargetDependency;
			target = 659348F32848B87E00EBCFEC /* Flix */;
			targetProxy = 659349052848B87F00EBCFEC /* PBXContainerItemProxy */;
		};
		659349102848B87F00EBCFEC /* PBXTargetDependency */ = {
			isa = PBXTargetDependency;
			target = 659348F32848B87E00EBCFEC /* Flix */;
			targetProxy = 6593490F2848B87F00EBCFEC /* PBXContainerItemProxy */;
		};
/* End PBXTargetDependency section */

/* Begin XCBuildConfiguration section */
		659349162848B87F00EBCFEC /* Debug */ = {
			isa = XCBuildConfiguration;
			buildSettings = {
				ALWAYS_SEARCH_USER_PATHS = NO;
				CLANG_ANALYZER_NONNULL = YES;
				CLANG_ANALYZER_NUMBER_OBJECT_CONVERSION = YES_AGGRESSIVE;
				CLANG_CXX_LANGUAGE_STANDARD = "gnu++17";
				CLANG_ENABLE_MODULES = YES;
				CLANG_ENABLE_OBJC_ARC = YES;
				CLANG_ENABLE_OBJC_WEAK = YES;
				CLANG_WARN_BLOCK_CAPTURE_AUTORELEASING = YES;
				CLANG_WARN_BOOL_CONVERSION = YES;
				CLANG_WARN_COMMA = YES;
				CLANG_WARN_CONSTANT_CONVERSION = YES;
				CLANG_WARN_DEPRECATED_OBJC_IMPLEMENTATIONS = YES;
				CLANG_WARN_DIRECT_OBJC_ISA_USAGE = YES_ERROR;
				CLANG_WARN_DOCUMENTATION_COMMENTS = YES;
				CLANG_WARN_EMPTY_BODY = YES;
				CLANG_WARN_ENUM_CONVERSION = YES;
				CLANG_WARN_INFINITE_RECURSION = YES;
				CLANG_WARN_INT_CONVERSION = YES;
				CLANG_WARN_NON_LITERAL_NULL_CONVERSION = YES;
				CLANG_WARN_OBJC_IMPLICIT_RETAIN_SELF = YES;
				CLANG_WARN_OBJC_LITERAL_CONVERSION = YES;
				CLANG_WARN_OBJC_ROOT_CLASS = YES_ERROR;
				CLANG_WARN_QUOTED_INCLUDE_IN_FRAMEWORK_HEADER = YES;
				CLANG_WARN_RANGE_LOOP_ANALYSIS = YES;
				CLANG_WARN_STRICT_PROTOTYPES = YES;
				CLANG_WARN_SUSPICIOUS_MOVE = YES;
				CLANG_WARN_UNGUARDED_AVAILABILITY = YES_AGGRESSIVE;
				CLANG_WARN_UNREACHABLE_CODE = YES;
				CLANG_WARN__DUPLICATE_METHOD_MATCH = YES;
				COPY_PHASE_STRIP = NO;
				DEBUG_INFORMATION_FORMAT = dwarf;
				ENABLE_STRICT_OBJC_MSGSEND = YES;
				ENABLE_TESTABILITY = YES;
				GCC_C_LANGUAGE_STANDARD = gnu11;
				GCC_DYNAMIC_NO_PIC = NO;
				GCC_NO_COMMON_BLOCKS = YES;
				GCC_OPTIMIZATION_LEVEL = 0;
				GCC_PREPROCESSOR_DEFINITIONS = (
					"DEBUG=1",
					"$(inherited)",
				);
				GCC_WARN_64_TO_32_BIT_CONVERSION = YES;
				GCC_WARN_ABOUT_RETURN_TYPE = YES_ERROR;
				GCC_WARN_UNDECLARED_SELECTOR = YES;
				GCC_WARN_UNINITIALIZED_AUTOS = YES_AGGRESSIVE;
				GCC_WARN_UNUSED_FUNCTION = YES;
				GCC_WARN_UNUSED_VARIABLE = YES;
				IPHONEOS_DEPLOYMENT_TARGET = 15.5;
				MTL_ENABLE_DEBUG_INFO = INCLUDE_SOURCE;
				MTL_FAST_MATH = YES;
				ONLY_ACTIVE_ARCH = YES;
				SDKROOT = iphoneos;
				SWIFT_ACTIVE_COMPILATION_CONDITIONS = DEBUG;
				SWIFT_OPTIMIZATION_LEVEL = "-Onone";
			};
			name = Debug;
		};
		659349172848B87F00EBCFEC /* Release */ = {
			isa = XCBuildConfiguration;
			buildSettings = {
				ALWAYS_SEARCH_USER_PATHS = NO;
				CLANG_ANALYZER_NONNULL = YES;
				CLANG_ANALYZER_NUMBER_OBJECT_CONVERSION = YES_AGGRESSIVE;
				CLANG_CXX_LANGUAGE_STANDARD = "gnu++17";
				CLANG_ENABLE_MODULES = YES;
				CLANG_ENABLE_OBJC_ARC = YES;
				CLANG_ENABLE_OBJC_WEAK = YES;
				CLANG_WARN_BLOCK_CAPTURE_AUTORELEASING = YES;
				CLANG_WARN_BOOL_CONVERSION = YES;
				CLANG_WARN_COMMA = YES;
				CLANG_WARN_CONSTANT_CONVERSION = YES;
				CLANG_WARN_DEPRECATED_OBJC_IMPLEMENTATIONS = YES;
				CLANG_WARN_DIRECT_OBJC_ISA_USAGE = YES_ERROR;
				CLANG_WARN_DOCUMENTATION_COMMENTS = YES;
				CLANG_WARN_EMPTY_BODY = YES;
				CLANG_WARN_ENUM_CONVERSION = YES;
				CLANG_WARN_INFINITE_RECURSION = YES;
				CLANG_WARN_INT_CONVERSION = YES;
				CLANG_WARN_NON_LITERAL_NULL_CONVERSION = YES;
				CLANG_WARN_OBJC_IMPLICIT_RETAIN_SELF = YES;
				CLANG_WARN_OBJC_LITERAL_CONVERSION = YES;
				CLANG_WARN_OBJC_ROOT_CLASS = YES_ERROR;
				CLANG_WARN_QUOTED_INCLUDE_IN_FRAMEWORK_HEADER = YES;
				CLANG_WARN_RANGE_LOOP_ANALYSIS = YES;
				CLANG_WARN_STRICT_PROTOTYPES = YES;
				CLANG_WARN_SUSPICIOUS_MOVE = YES;
				CLANG_WARN_UNGUARDED_AVAILABILITY = YES_AGGRESSIVE;
				CLANG_WARN_UNREACHABLE_CODE = YES;
				CLANG_WARN__DUPLICATE_METHOD_MATCH = YES;
				COPY_PHASE_STRIP = NO;
				DEBUG_INFORMATION_FORMAT = "dwarf-with-dsym";
				ENABLE_NS_ASSERTIONS = NO;
				ENABLE_STRICT_OBJC_MSGSEND = YES;
				GCC_C_LANGUAGE_STANDARD = gnu11;
				GCC_NO_COMMON_BLOCKS = YES;
				GCC_WARN_64_TO_32_BIT_CONVERSION = YES;
				GCC_WARN_ABOUT_RETURN_TYPE = YES_ERROR;
				GCC_WARN_UNDECLARED_SELECTOR = YES;
				GCC_WARN_UNINITIALIZED_AUTOS = YES_AGGRESSIVE;
				GCC_WARN_UNUSED_FUNCTION = YES;
				GCC_WARN_UNUSED_VARIABLE = YES;
				IPHONEOS_DEPLOYMENT_TARGET = 15.5;
				MTL_ENABLE_DEBUG_INFO = NO;
				MTL_FAST_MATH = YES;
				SDKROOT = iphoneos;
				SWIFT_COMPILATION_MODE = wholemodule;
				SWIFT_OPTIMIZATION_LEVEL = "-O";
				VALIDATE_PRODUCT = YES;
			};
			name = Release;
		};
		659349192848B87F00EBCFEC /* Debug */ = {
			isa = XCBuildConfiguration;
			buildSettings = {
				ASSETCATALOG_COMPILER_APPICON_NAME = AppIcon;
				ASSETCATALOG_COMPILER_GLOBAL_ACCENT_COLOR_NAME = AccentColor;
				CODE_SIGN_STYLE = Automatic;
				CURRENT_PROJECT_VERSION = 1;
				DEVELOPMENT_ASSET_PATHS = "\"Flix/Preview Content\"";
				DEVELOPMENT_TEAM = FR69N9AMGU;
				ENABLE_PREVIEWS = YES;
				GENERATE_INFOPLIST_FILE = YES;
				INFOPLIST_KEY_UIApplicationSceneManifest_Generation = YES;
				INFOPLIST_KEY_UIApplicationSupportsIndirectInputEvents = YES;
				INFOPLIST_KEY_UILaunchScreen_Generation = YES;
				INFOPLIST_KEY_UISupportedInterfaceOrientations_iPad = "UIInterfaceOrientationPortrait UIInterfaceOrientationPortraitUpsideDown UIInterfaceOrientationLandscapeLeft UIInterfaceOrientationLandscapeRight";
				INFOPLIST_KEY_UISupportedInterfaceOrientations_iPhone = "UIInterfaceOrientationPortrait UIInterfaceOrientationLandscapeLeft UIInterfaceOrientationLandscapeRight";
				LD_RUNPATH_SEARCH_PATHS = (
					"$(inherited)",
					"@executable_path/Frameworks",
				);
				MARKETING_VERSION = 1.0;
				PRODUCT_BUNDLE_IDENTIFIER = com.DerekChang.Flix;
				PRODUCT_NAME = "$(TARGET_NAME)";
				SWIFT_EMIT_LOC_STRINGS = YES;
				SWIFT_VERSION = 5.0;
				TARGETED_DEVICE_FAMILY = "1,2";
			};
			name = Debug;
		};
		6593491A2848B87F00EBCFEC /* Release */ = {
			isa = XCBuildConfiguration;
			buildSettings = {
				ASSETCATALOG_COMPILER_APPICON_NAME = AppIcon;
				ASSETCATALOG_COMPILER_GLOBAL_ACCENT_COLOR_NAME = AccentColor;
				CODE_SIGN_STYLE = Automatic;
				CURRENT_PROJECT_VERSION = 1;
				DEVELOPMENT_ASSET_PATHS = "\"Flix/Preview Content\"";
				DEVELOPMENT_TEAM = FR69N9AMGU;
				ENABLE_PREVIEWS = YES;
				GENERATE_INFOPLIST_FILE = YES;
				INFOPLIST_KEY_UIApplicationSceneManifest_Generation = YES;
				INFOPLIST_KEY_UIApplicationSupportsIndirectInputEvents = YES;
				INFOPLIST_KEY_UILaunchScreen_Generation = YES;
				INFOPLIST_KEY_UISupportedInterfaceOrientations_iPad = "UIInterfaceOrientationPortrait UIInterfaceOrientationPortraitUpsideDown UIInterfaceOrientationLandscapeLeft UIInterfaceOrientationLandscapeRight";
				INFOPLIST_KEY_UISupportedInterfaceOrientations_iPhone = "UIInterfaceOrientationPortrait UIInterfaceOrientationLandscapeLeft UIInterfaceOrientationLandscapeRight";
				LD_RUNPATH_SEARCH_PATHS = (
					"$(inherited)",
					"@executable_path/Frameworks",
				);
				MARKETING_VERSION = 1.0;
				PRODUCT_BUNDLE_IDENTIFIER = com.DerekChang.Flix;
				PRODUCT_NAME = "$(TARGET_NAME)";
				SWIFT_EMIT_LOC_STRINGS = YES;
				SWIFT_VERSION = 5.0;
				TARGETED_DEVICE_FAMILY = "1,2";
			};
			name = Release;
		};
		6593491C2848B87F00EBCFEC /* Debug */ = {
			isa = XCBuildConfiguration;
			buildSettings = {
				ALWAYS_EMBED_SWIFT_STANDARD_LIBRARIES = YES;
				BUNDLE_LOADER = "$(TEST_HOST)";
				CODE_SIGN_STYLE = Automatic;
				CURRENT_PROJECT_VERSION = 1;
				DEVELOPMENT_TEAM = FR69N9AMGU;
				GENERATE_INFOPLIST_FILE = YES;
				IPHONEOS_DEPLOYMENT_TARGET = 15.5;
				MARKETING_VERSION = 1.0;
				PRODUCT_BUNDLE_IDENTIFIER = com.DerekChang.FlixTests;
				PRODUCT_NAME = "$(TARGET_NAME)";
				SWIFT_EMIT_LOC_STRINGS = NO;
				SWIFT_VERSION = 5.0;
				TARGETED_DEVICE_FAMILY = "1,2";
				TEST_HOST = "$(BUILT_PRODUCTS_DIR)/Flix.app/Flix";
			};
			name = Debug;
		};
		6593491D2848B87F00EBCFEC /* Release */ = {
			isa = XCBuildConfiguration;
			buildSettings = {
				ALWAYS_EMBED_SWIFT_STANDARD_LIBRARIES = YES;
				BUNDLE_LOADER = "$(TEST_HOST)";
				CODE_SIGN_STYLE = Automatic;
				CURRENT_PROJECT_VERSION = 1;
				DEVELOPMENT_TEAM = FR69N9AMGU;
				GENERATE_INFOPLIST_FILE = YES;
				IPHONEOS_DEPLOYMENT_TARGET = 15.5;
				MARKETING_VERSION = 1.0;
				PRODUCT_BUNDLE_IDENTIFIER = com.DerekChang.FlixTests;
				PRODUCT_NAME = "$(TARGET_NAME)";
				SWIFT_EMIT_LOC_STRINGS = NO;
				SWIFT_VERSION = 5.0;
				TARGETED_DEVICE_FAMILY = "1,2";
				TEST_HOST = "$(BUILT_PRODUCTS_DIR)/Flix.app/Flix";
			};
			name = Release;
		};
		6593491F2848B87F00EBCFEC /* Debug */ = {
			isa = XCBuildConfiguration;
			buildSettings = {
				ALWAYS_EMBED_SWIFT_STANDARD_LIBRARIES = YES;
				CODE_SIGN_STYLE = Automatic;
				CURRENT_PROJECT_VERSION = 1;
				DEVELOPMENT_TEAM = FR69N9AMGU;
				GENERATE_INFOPLIST_FILE = YES;
				MARKETING_VERSION = 1.0;
				PRODUCT_BUNDLE_IDENTIFIER = com.DerekChang.FlixUITests;
				PRODUCT_NAME = "$(TARGET_NAME)";
				SWIFT_EMIT_LOC_STRINGS = NO;
				SWIFT_VERSION = 5.0;
				TARGETED_DEVICE_FAMILY = "1,2";
				TEST_TARGET_NAME = Flix;
			};
			name = Debug;
		};
		659349202848B87F00EBCFEC /* Release */ = {
			isa = XCBuildConfiguration;
			buildSettings = {
				ALWAYS_EMBED_SWIFT_STANDARD_LIBRARIES = YES;
				CODE_SIGN_STYLE = Automatic;
				CURRENT_PROJECT_VERSION = 1;
				DEVELOPMENT_TEAM = FR69N9AMGU;
				GENERATE_INFOPLIST_FILE = YES;
				MARKETING_VERSION = 1.0;
				PRODUCT_BUNDLE_IDENTIFIER = com.DerekChang.FlixUITests;
				PRODUCT_NAME = "$(TARGET_NAME)";
				SWIFT_EMIT_LOC_STRINGS = NO;
				SWIFT_VERSION = 5.0;
				TARGETED_DEVICE_FAMILY = "1,2";
				TEST_TARGET_NAME = Flix;
			};
			name = Release;
		};
/* End XCBuildConfiguration section */

/* Begin XCConfigurationList section */
		659348EF2848B87E00EBCFEC /* Build configuration list for PBXProject "Flix" */ = {
			isa = XCConfigurationList;
			buildConfigurations = (
				659349162848B87F00EBCFEC /* Debug */,
				659349172848B87F00EBCFEC /* Release */,
			);
			defaultConfigurationIsVisible = 0;
			defaultConfigurationName = Release;
		};
		659349182848B87F00EBCFEC /* Build configuration list for PBXNativeTarget "Flix" */ = {
			isa = XCConfigurationList;
			buildConfigurations = (
				659349192848B87F00EBCFEC /* Debug */,
				6593491A2848B87F00EBCFEC /* Release */,
			);
			defaultConfigurationIsVisible = 0;
			defaultConfigurationName = Release;
		};
		6593491B2848B87F00EBCFEC /* Build configuration list for PBXNativeTarget "FlixTests" */ = {
			isa = XCConfigurationList;
			buildConfigurations = (
				6593491C2848B87F00EBCFEC /* Debug */,
				6593491D2848B87F00EBCFEC /* Release */,
			);
			defaultConfigurationIsVisible = 0;
			defaultConfigurationName = Release;
		};
		6593491E2848B87F00EBCFEC /* Build configuration list for PBXNativeTarget "FlixUITests" */ = {
			isa = XCConfigurationList;
			buildConfigurations = (
				6593491F2848B87F00EBCFEC /* Debug */,
				659349202848B87F00EBCFEC /* Release */,
			);
			defaultConfigurationIsVisible = 0;
			defaultConfigurationName = Release;
		};
/* End XCConfigurationList section */

/* Begin XCRemoteSwiftPackageReference section */
		6539C2BA284D8FC600C59A32 /* XCRemoteSwiftPackageReference "Kingfisher" */ = {
			isa = XCRemoteSwiftPackageReference;
			repositoryURL = "https://github.com/onevcat/Kingfisher.git";
			requirement = {
				kind = upToNextMajorVersion;
				minimumVersion = 7.0.0;
			};
		};
/* End XCRemoteSwiftPackageReference section */

/* Begin XCSwiftPackageProductDependency section */
		6539C2BB284D8FC600C59A32 /* Kingfisher */ = {
			isa = XCSwiftPackageProductDependency;
			package = 6539C2BA284D8FC600C59A32 /* XCRemoteSwiftPackageReference "Kingfisher" */;
			productName = Kingfisher;
		};
/* End XCSwiftPackageProductDependency section */
	};
	rootObject = 659348EC2848B87E00EBCFEC /* Project object */;
}
